{
  "nodes": {
    "bun2nix": {
      "inputs": {
        "flake-parts": [
          "llm-agents-nix",
          "flake-parts"
        ],
        "nixpkgs": [
          "llm-agents-nix",
          "nixpkgs"
        ],
        "systems": [
          "llm-agents-nix",
          "systems"
        ],
        "treefmt-nix": [
          "llm-agents-nix",
          "treefmt-nix"
        ]
      },
      "locked": {
        "lastModified": 1790001035,
        "narHash": "sha256-1/SLBjSYBzDdDhvLQ83wrzBakyS/xNGgtxHGNuveOEQ=",
        "owner": "Mic92",
        "repo": "bun2nix",
        "rev": "07a5bfc8ac36c5370199343fa620b69f63186e33",
        "type": "github"
      },
      "original": {
        "owner": "Mic92",
        "ref": "llm-agents",
        "repo": "bun2nix",
        "type": "github"
      }
    },
    "bw-nixpkgs": {
      "locked": {
        "lastModified": 1723635686,
        "narHash": "sha256-iNYh7Kb0D+MQ8IHM4+8bT1bUS5RNW6gVSDe2yTO1aAk=",
        "owner": "NixOS",
        "repo": "nixpkgs",
        "rev": "0cb2fd7c59fed0cd82ef858cbcbdb552b9a33465",
        "type": "github"
      },
      "original": {
        "owner": "NixOS",
        "repo": "nixpkgs",
        "rev": "0cb2fd7c59fed0cd82ef858cbcbdb552b9a33465",
        "type": "github"
      }
    },
    "flake-parts": {
      "inputs": {
        "nixpkgs-lib": [
          "llm-agents-nix",
          "nixpkgs"
        ]
      },
      "locked": {
        "lastModified": 1788450739,
        "narHash": "sha256-glZLQlzIn1fXH6PazR2iUmTo7kzzyYSshrWhLS9TqCU=",
        "owner": "hercules-ci",
        "repo": "flake-parts",
        "rev": "31729ca8cbdb4fa927b34e5f4353e6a83f39e993",
        "type": "github"
      },
      "original": {
        "owner": "hercules-ci",
        "repo": "flake-parts",
        "type": "github"
      }
    },
    "home-manager": {
      "inputs": {
        "nixpkgs": [
          "nixpkgs"
        ]
      },
      "locked": {
        "lastModified": 1786719456,
        "narHash": "sha256-B74DLQs/VjlqyhnnX3tguWwghqJHWSJX30TKZuAljIg=",
        "owner": "nix-community",
        "repo": "home-manager",
        "rev": "83b7606dcf44abe3a94b86e8bb2b3355d22e8797",
        "type": "github"
      },
      "original": {
        "owner": "nix-community",
        "repo": "home-manager",
        "type": "github"
      }
    },
    "llm-agents-nix": {
      "inputs": {
        "bun2nix": "bun2nix",
        "flake-parts": "flake-parts",
        "nixpkgs": "nixpkgs",
        "systems": "systems",
        "treefmt-nix": "treefmt-nix"
      },
      "locked": {
        "lastModified": 1790308245,
        "narHash": "sha256-dC6E2RdQOnPtzPbQRUvcX4Ht0FetH1AASxDhG/8CSKg=",
        "owner": "numtide",
        "repo": "llm-agents.nix",
        "rev": "07fc28ba405f1f2f43df3a75d89ff3c59ad47953",
        "type": "github"
      },
      "original": {
        "owner": "numtide",
        "repo": "llm-agents.nix",
        "type": "github"
      }
    },
    "nixpkgs": {
      "locked": {
        "lastModified": 1790238896,
        "narHash": "sha256-ym4BG18Pu2awiJIehla1Lo9xiB2QYRcCzW3SB74gEBY=",
        "owner": "NixOS",
        "repo": "nixpkgs",
        "rev": "34ca302a9572963c02e385c056be37c85ff51b77",
        "type": "github"
      },
      "original": {
        "owner": "NixOS",
        "ref": "nixpkgs-unstable",
        "repo": "nixpkgs",
        "type": "github"
      }
    },
    "nixpkgs_2": {
      "locked": {
        "lastModified": 1786514691,
        "narHash": "sha256-9dkt1i5JNbEfPb+EjLcSDNs8zqEHQ/1JlSaKgj0SBAg=",
        "owner": "NixOS",
        "repo": "nixpkgs",
        "rev": "867dcbc30bafe3c862ef88620f2e7a109d7d3be5",
        "type": "github"
      },
      "original": {
        "owner": "NixOS",
        "ref": "nixos-unstable",
        "repo": "nixpkgs",
        "type": "github"
      }
    },
    "quickshell": {
      "inputs": {
        "nixpkgs": [
          "nixpkgs"
        ]
      },
      "locked": {
        "lastModified": 1787224109,
        "narHash": "sha256-stV8Dxkrry6AbK8unyEjLNeDZcQtNE1TCgmjc8hdcxw=",
        "owner": "quickshell-mirror",
        "repo": "quickshell",
        "rev": "9f807554e106f6b0670e60ead82b63f3c0c2ac26",
        "type": "github"
      },
      "original": {
        "owner": "quickshell-mirror",
        "repo": "quickshell",
        "type": "github"
      }
    },
    "root": {
      "inputs": {
        "bw-nixpkgs": "bw-nixpkgs",
        "home-manager": "home-manager",
        "llm-agents-nix": "llm-agents-nix",
        "nixpkgs": "nixpkgs_2",
        "quickshell": "quickshell"
      }
    },
    "systems": {
      "locked": {
        "lastModified": 1681028828,
        "narHash": "sha256-Vy1rq5AaRuLzOxct8nz4T6wlgyUR7zLU309k9mBC768=",
        "owner": "nix-systems",
        "repo": "default",
        "rev": "da67096a3b9bf56a91d16901293e51ba5b49a27e",
        "type": "github"
      },
      "original": {
        "owner": "nix-systems",
        "repo": "default",
        "type": "github"
      }
    },
    "treefmt-nix": {
      "inputs": {
        "nixpkgs": [
          "llm-agents-nix",
          "nixpkgs"
        ]
      },
      "locked": {
        "lastModified": 1786901030,
        "narHash": "sha256-WSFCsDSE5ffgD2MqzkM2CYjeFiKhRF/dJUN8uedb6YE=",
        "owner": "numtide",
        "repo": "treefmt-nix",
        "rev": "27b3b12a8e6375f28ebe122f07d230ca5459bbfa",
        "type": "github"
      },
      "original": {
        "owner": "numtide",
        "repo": "treefmt-nix",
        "type": "github"
      }
    }
  },
  "root": "root",
  "version": 7
}
